// !$*UTF8*$!
{
	archiveVersion = 1;
	classes = {
	};
	objectVersion = 46;
	objects = {

/* Begin PBXBuildFile section */
		F0A1C6A91A165A1E00981BC3 /* AppDelegate.swift in Sources */ = {isa = PBXBuildFile; fileRef = F0A1C6A01A165A1E00981BC3 /* AppDelegate.swift */; };
		F0A1C6AA1A165A1E00981BC3 /* LaunchScreen.xib in Resources */ = {isa = PBXBuildFile; fileRef = F0A1C6A11A165A1E00981BC3 /* LaunchScreen.xib */; };
		F0A1C6AB1A165A1E00981BC3 /* Main.storyboard in Resources */ = {isa = PBXBuildFile; fileRef = F0A1C6A31A165A1E00981BC3 /* Main.storyboard */; };
		F0A1C6AC1A165A1E00981BC3 /* Images.xcassets in Resources */ = {isa = PBXBuildFile; fileRef = F0A1C6A51A165A1E00981BC3 /* Images.xcassets */; };
		F0A1C6AD1A165A1E00981BC3 /* Info.plist in Resources */ = {isa = PBXBuildFile; fileRef = F0A1C6A61A165A1E00981BC3 /* Info.plist */; };
		F0A1C6AE1A165A1E00981BC3 /* XMCCamera.swift in Sources */ = {isa = PBXBuildFile; fileRef = F0A1C6A71A165A1E00981BC3 /* XMCCamera.swift */; };
		F0A1C6AF1A165A1E00981BC3 /* XMCCameraViewController.swift in Sources */ = {isa = PBXBuildFile; fileRef = F0A1C6A81A165A1E00981BC3 /* XMCCameraViewController.swift */; };
/* End PBXBuildFile section */

/* Begin PBXFileReference section */
		F0A1C6761A15377400981BC3 /* dojo-custom-camera.app */ = {isa = PBXFileReference; explicitFileType = wrapper.application; includeInIndex = 0; path = "dojo-custom-camera.app"; sourceTree = BUILT_PRODUCTS_DIR; };
		F0A1C6A01A165A1E00981BC3 /* AppDelegate.swift */ = {isa = PBXFileReference; fileEncoding = 4; lastKnownFileType = sourcecode.swift; path = AppDelegate.swift; sourceTree = "<group>"; };
		F0A1C6A21A165A1E00981BC3 /* Base */ = {isa = PBXFileReference; lastKnownFileType = file.xib; name = Base; path = Base.lproj/LaunchScreen.xib; sourceTree = "<group>"; };
		F0A1C6A41A165A1E00981BC3 /* Base */ = {isa = PBXFileReference; lastKnownFileType = file.storyboard; name = Base; path = Base.lproj/Main.storyboard; sourceTree = "<group>"; };
		F0A1C6A51A165A1E00981BC3 /* Images.xcassets */ = {isa = PBXFileReference; lastKnownFileType = folder.assetcatalog; path = Images.xcassets; sourceTree = "<group>"; };
		F0A1C6A61A165A1E00981BC3 /* Info.plist */ = {isa = PBXFileReference; fileEncoding = 4; lastKnownFileType = text.plist.xml; path = Info.plist; sourceTree = "<group>"; };
		F0A1C6A71A165A1E00981BC3 /* XMCCamera.swift */ = {isa = PBXFileReference; fileEncoding = 4; lastKnownFileType = sourcecode.swift; path = XMCCamera.swift; sourceTree = "<group>"; };
		F0A1C6A81A165A1E00981BC3 /* XMCCameraViewController.swift */ = {isa = PBXFileReference; fileEncoding = 4; lastKnownFileType = sourcecode.swift; path = XMCCameraViewController.swift; sourceTree = "<group>"; };
/* End PBXFileReference section */

/* Begin PBXFrameworksBuildPhase section */
		F0A1C6731A15377400981BC3 /* Frameworks */ = {
			isa = PBXFrameworksBuildPhase;
			buildActionMask = 2147483647;
			files = (
			);
			runOnlyForDeploymentPostprocessing = 0;
		};
/* End PBXFrameworksBuildPhase section */

/* Begin PBXGroup section */
		F0A1C66D1A15377400981BC3 = {
			isa = PBXGroup;
			children = (
				F0A1C69F1A165A1E00981BC3 /* dojo-custom-camera */,
				F0A1C6771A15377400981BC3 /* Products */,
			);
			sourceTree = "<group>";
		};
		F0A1C6771A15377400981BC3 /* Products */ = {
			isa = PBXGroup;
			children = (
				F0A1C6761A15377400981BC3 /* dojo-custom-camera.app */,
			);
			name = Products;
			sourceTree = "<group>";
		};
		F0A1C69F1A165A1E00981BC3 /* dojo-custom-camera */ = {
			isa = PBXGroup;
			children = (
				F0A1C6A01A165A1E00981BC3 /* AppDelegate.swift */,
				F0A1C6A11A165A1E00981BC3 /* LaunchScreen.xib */,
				F0A1C6A31A165A1E00981BC3 /* Main.storyboard */,
				F0A1C6A51A165A1E00981BC3 /* Images.xcassets */,
				F0A1C6A61A165A1E00981BC3 /* Info.plist */,
				F0A1C6A71A165A1E00981BC3 /* XMCCamera.swift */,
				F0A1C6A81A165A1E00981BC3 /* XMCCameraViewController.swift */,
			);
			path = "dojo-custom-camera";
			sourceTree = "<group>";
		};
/* End PBXGroup section */

/* Begin PBXNativeTarget section */
		F0A1C6751A15377400981BC3 /* dojo-custom-camera */ = {
			isa = PBXNativeTarget;
			buildConfigurationList = F0A1C6951A15377400981BC3 /* Build configuration list for PBXNativeTarget "dojo-custom-camera" */;
			buildPhases = (
				F0A1C6721A15377400981BC3 /* Sources */,
				F0A1C6731A15377400981BC3 /* Frameworks */,
				F0A1C6741A15377400981BC3 /* Resources */,
			);
			buildRules = (
			);
			dependencies = (
			);
			name = "dojo-custom-camera";
			productName = "dojo-camera-output";
			productReference = F0A1C6761A15377400981BC3 /* dojo-custom-camera.app */;
			productType = "com.apple.product-type.application";
		};
/* End PBXNativeTarget section */

/* Begin PBXProject section */
		F0A1C66E1A15377400981BC3 /* Project object */ = {
			isa = PBXProject;
			attributes = {
				LastUpgradeCheck = 0610;
				ORGANIZATIONNAME = xmcdojo;
				TargetAttributes = {
					F0A1C6751A15377400981BC3 = {
						CreatedOnToolsVersion = 6.1;
					};
				};
			};
			buildConfigurationList = F0A1C6711A15377400981BC3 /* Build configuration list for PBXProject "dojo-custom-camera" */;
			compatibilityVersion = "Xcode 3.2";
			developmentRegion = English;
			hasScannedForEncodings = 0;
			knownRegions = (
				en,
				Base,
			);
			mainGroup = F0A1C66D1A15377400981BC3;
			productRefGroup = F0A1C6771A15377400981BC3 /* Products */;
			projectDirPath = "";
			projectRoot = "";
			targets = (
				F0A1C6751A15377400981BC3 /* dojo-custom-camera */,
			);
		};
/* End PBXProject section */

/* Begin PBXResourcesBuildPhase section */
		F0A1C6741A15377400981BC3 /* Resources */ = {
			isa = PBXResourcesBuildPhase;
			buildActionMask = 2147483647;
			files = (
				F0A1C6AD1A165A1E00981BC3 /* Info.plist in Resources */,
				F0A1C6AC1A165A1E00981BC3 /* Images.xcassets in Resources */,
				F0A1C6AA1A165A1E00981BC3 /* LaunchScreen.xib in Resources */,
				F0A1C6AB1A165A1E00981BC3 /* Main.storyboard in Resources */,
			);
			runOnlyForDeploymentPostprocessing = 0;
		};
/* End PBXResourcesBuildPhase section */

/* Begin PBXSourcesBuildPhase section */
		F0A1C6721A15377400981BC3 /* Sources */ = {
			isa = PBXSourcesBuildPhase;
			buildActionMask = 2147483647;
			files = (
				F0A1C6A91A165A1E00981BC3 /* AppDelegate.swift in Sources */,
				F0A1C6AE1A165A1E00981BC3 /* XMCCamera.swift in Sources */,
				F0A1C6AF1A165A1E00981BC3 /* XMCCameraViewController.swift in Sources */,
			);
			runOnlyForDeploymentPostprocessing = 0;
		};
/* End PBXSourcesBuildPhase section */

/* Begin PBXVariantGroup section */
		F0A1C6A11A165A1E00981BC3 /* LaunchScreen.xib */ = {
			isa = PBXVariantGroup;
			children = (
				F0A1C6A21A165A1E00981BC3 /* Base */,
			);
			name = LaunchScreen.xib;
			sourceTree = "<group>";
		};
		F0A1C6A31A165A1E00981BC3 /* Main.storyboard */ = {
			isa = PBXVariantGroup;
			children = (
				F0A1C6A41A165A1E00981BC3 /* Base */,
			);
			name = Main.storyboard;
			sourceTree = "<group>";
		};
/* End PBXVariantGroup section */

/* Begin XCBuildConfiguration section */
		F0A1C6931A15377400981BC3 /* Debug */ = {
			isa = XCBuildConfiguration;
			buildSettings = {
				ALWAYS_SEARCH_USER_PATHS = NO;
				CLANG_CXX_LANGUAGE_STANDARD = "gnu++0x";
				CLANG_CXX_LIBRARY = "libc++";
				CLANG_ENABLE_MODULES = YES;
				CLANG_ENABLE_OBJC_ARC = YES;
				CLANG_WARN_BOOL_CONVERSION = YES;
				CLANG_WARN_CONSTANT_CONVERSION = YES;
				CLANG_WARN_DIRECT_OBJC_ISA_USAGE = YES_ERROR;
				CLANG_WARN_EMPTY_BODY = YES;
				CLANG_WARN_ENUM_CONVERSION = YES;
				CLANG_WARN_INT_CONVERSION = YES;
				CLANG_WARN_OBJC_ROOT_CLASS = YES_ERROR;
				CLANG_WARN_UNREACHABLE_CODE = YES;
				CLANG_WARN__DUPLICATE_METHOD_MATCH = YES;
				"CODE_SIGN_IDENTITY[sdk=iphoneos*]" = "iPhone Developer";
				COPY_PHASE_STRIP = NO;
				ENABLE_STRICT_OBJC_MSGSEND = YES;
				GCC_C_LANGUAGE_STANDARD = gnu99;
				GCC_DYNAMIC_NO_PIC = NO;
				GCC_OPTIMIZATION_LEVEL = 0;
				GCC_PREPROCESSOR_DEFINITIONS = (
					"DEBUG=1",
					"$(inherited)",
				);
				GCC_SYMBOLS_PRIVATE_EXTERN = NO;
				GCC_WARN_64_TO_32_BIT_CONVERSION = YES;
				GCC_WARN_ABOUT_RETURN_TYPE = YES_ERROR;
				GCC_WARN_UNDECLARED_SELECTOR = YES;
				GCC_WARN_UNINITIALIZED_AUTOS = YES_AGGRESSIVE;
				GCC_WARN_UNUSED_FUNCTION = YES;
				GCC_WARN_UNUSED_VARIABLE = YES;
				IPHONEOS_DEPLOYMENT_TARGET = 8.1;
				MTL_ENABLE_DEBUG_INFO = YES;
				ONLY_ACTIVE_ARCH = YES;
				SDKROOT = iphoneos;
				SWIFT_OPTIMIZATION_LEVEL = "-Onone";
			};
			name = Debug;
		};
		F0A1C6941A15377400981BC3 /* Release */ = {
			isa = XCBuildConfiguration;
			buildSettings = {
				ALWAYS_SEARCH_USER_PATHS = NO;
				CLANG_CXX_LANGUAGE_STANDARD = "gnu++0x";
				CLANG_CXX_LIBRARY = "libc++";
				CLANG_ENABLE_MODULES = YES;
				CLANG_ENABLE_OBJC_ARC = YES;
				CLANG_WARN_BOOL_CONVERSION = YES;
				CLANG_WARN_CONSTANT_CONVERSION = YES;
				CLANG_WARN_DIRECT_OBJC_ISA_USAGE = YES_ERROR;
				CLANG_WARN_EMPTY_BODY = YES;
				CLANG_WARN_ENUM_CONVERSION = YES;
				CLANG_WARN_INT_CONVERSION = YES;
				CLANG_WARN_OBJC_ROOT_CLASS = YES_ERROR;
				CLANG_WARN_UNREACHABLE_CODE = YES;
				CLANG_WARN__DUPLICATE_METHOD_MATCH = YES;
				"CODE_SIGN_IDENTITY[sdk=iphoneos*]" = "iPhone Developer";
				COPY_PHASE_STRIP = YES;
				ENABLE_NS_ASSERTIONS = NO;
				ENABLE_STRICT_OBJC_MSGSEND = YES;
				GCC_C_LANGUAGE_STANDARD = gnu99;
				GCC_WARN_64_TO_32_BIT_CONVERSION = YES;
				GCC_WARN_ABOUT_RETURN_TYPE = YES_ERROR;
				GCC_WARN_UNDECLARED_SELECTOR = YES;
				GCC_WARN_UNINITIALIZED_AUTOS = YES_AGGRESSIVE;
				GCC_WARN_UNUSED_FUNCTION = YES;
				GCC_WARN_UNUSED_VARIABLE = YES;
				IPHONEOS_DEPLOYMENT_TARGET = 8.1;
				MTL_ENABLE_DEBUG_INFO = NO;
				SDKROOT = iphoneos;
				VALIDATE_PRODUCT = YES;
			};
			name = Release;
		};
		F0A1C6961A15377400981BC3 /* Debug */ = {
			isa = XCBuildConfiguration;
			buildSettings = {
				ASSETCATALOG_COMPILER_APPICON_NAME = AppIcon;
				INFOPLIST_FILE = "$(SRCROOT)/dojo-custom-camera/Info.plist";
				LD_RUNPATH_SEARCH_PATHS = "$(inherited) @executable_path/Frameworks";
				PRODUCT_NAME = "dojo-custom-camera";
			};
			name = Debug;
		};
		F0A1C6971A15377400981BC3 /* Release */ = {
			isa = XCBuildConfiguration;
			buildSettings = {
				ASSETCATALOG_COMPILER_APPICON_NAME = AppIcon;
				INFOPLIST_FILE = "$(SRCROOT)/dojo-custom-camera/Info.plist";
				LD_RUNPATH_SEARCH_PATHS = "$(inherited) @executable_path/Frameworks";
				PRODUCT_NAME = "dojo-custom-camera";
			};
			name = Release;
		};
/* End XCBuildConfiguration section */

/* Begin XCConfigurationList section */
		F0A1C6711A15377400981BC3 /* Build configuration list for PBXProject "dojo-custom-camera" */ = {
			isa = XCConfigurationList;
			buildConfigurations = (
				F0A1C6931A15377400981BC3 /* Debug */,
				F0A1C6941A15377400981BC3 /* Release */,
			);
			defaultConfigurationIsVisible = 0;
			defaultConfigurationName = Release;
		};
		F0A1C6951A15377400981BC3 /* Build configuration list for PBXNativeTarget "dojo-custom-camera" */ = {
			isa = XCConfigurationList;
			buildConfigurations = (
				F0A1C6961A15377400981BC3 /* Debug */,
				F0A1C6971A15377400981BC3 /* Release */,
			);
			defaultConfigurationIsVisible = 0;
			defaultConfigurationName = Release;
		};
/* End XCConfigurationList section */
	};
	rootObject = F0A1C66E1A15377400981BC3 /* Project object */;
}
